
Microsoft Visual Studio Solution File, Format Version 12.00
# Visual Studio Version 16
VisualStudioVersion = 16.0.31613.86
MinimumVisualStudioVersion = 10.0.40219.1
Project("{FAE04EC0-301F-11D3-BF4B-00C04F79EFBC}") = "Delegates", "Delegates\Delegates.csproj", "{7F085E2D-4870-40FF-879A-FFAFAE9E441C}"
EndProject
Global
	GlobalSection(SolutionConfigurationPlatforms) = preSolution
		Debug|Any CPU = Debug|Any CPU
		Release|Any CPU = Release|Any CPU
	EndGlobalSection
	GlobalSection(ProjectConfigurationPlatforms) = postSolution
		{7F085E2D-4870-40FF-879A-FFAFAE9E441C}.Debug|Any CPU.ActiveCfg = Debug|Any CPU
		{7F085E2D-4870-40FF-879A-FFAFAE9E441C}.Debug|Any CPU.Build.0 = Debug|Any CPU
		{7F085E2D-4870-40FF-879A-FFAFAE9E441C}.Release|Any CPU.ActiveCfg = Release|Any CPU
		{7F085E2D-4870-40FF-879A-FFAFAE9E441C}.Release|Any CPU.Build.0 = Release|Any CPU
	EndGlobalSection
	GlobalSection(SolutionProperties) = preSolution
		HideSolutionNode = FALSE
	EndGlobalSection
	GlobalSection(ExtensibilityGlobals) = postSolution
		SolutionGuid = {2A106EBF-B2EE-495C-86F6-9172C492BEA5}
	EndGlobalSection
EndGlobal
